{
  "name": "paypay-frida-scripts",
  "version": "1.0.0",
  "lockfileVersion": 3,
  "requires": true,
  "packages": {
    "": {
      "name": "paypay-frida-scripts",
      "version": "1.0.0",
      "license": "ISC",
      "dependencies": {
        "@types/frida-gum": "^18.6.0"
      }
    },
    "node_modules/@types/frida-gum": {
      "version": "18.6.0",
      "resolved": "https://registry.npmjs.org/@types/frida-gum/-/frida-gum-18.6.0.tgz",
      "integrity": "sha512-ormuA2e76JqIzqLyuwrHphsCTUdo+ATnH+lQf6INKFn3BpZVex7BQgNUMTSHpmAK38peOMBLzR+DgJUkqTgaKw=="
    }
  }
}
